
Microsoft Visual Studio Solution File, Format Version 12.00
# Visual Studio 15
Project("{FAE04EC0-301F-11D3-BF4B-00C04F79EFBC}") = "Assembly-CSharp", "Assembly-CSharp.csproj", "{9B6C61FF-EBA7-060F-BB4D-1DD93F739531}"
EndProject
Project("{FAE04EC0-301F-11D3-BF4B-00C04F79EFBC}") = "NavMeshComponents", "NavMeshComponents.csproj", "{91804C6D-B174-1DEB-336B-930502D97270}"
EndProject
Project("{FAE04EC0-301F-11D3-BF4B-00C04F79EFBC}") = "NavMeshComponentsEditor", "NavMeshComponentsEditor.csproj", "{7A41B5D1-DD92-9254-B6EB-689D8585A31E}"
EndProject
Global
	GlobalSection(SolutionConfigurationPlatforms) = preSolution
		Debug|Any CPU = Debug|Any CPU
		Release|Any CPU = Release|Any CPU
	EndGlobalSection
	GlobalSection(ProjectConfigurationPlatforms) = postSolution
		{9B6C61FF-EBA7-060F-BB4D-1DD93F739531}.Debug|Any CPU.ActiveCfg = Debug|Any CPU
		{9B6C61FF-EBA7-060F-BB4D-1DD93F739531}.Debug|Any CPU.Build.0 = Debug|Any CPU
		{9B6C61FF-EBA7-060F-BB4D-1DD93F739531}.Release|Any CPU.ActiveCfg = Release|Any CPU
		{9B6C61FF-EBA7-060F-BB4D-1DD93F739531}.Release|Any CPU.Build.0 = Release|Any CPU
		{91804C6D-B174-1DEB-336B-930502D97270}.Debug|Any CPU.ActiveCfg = Debug|Any CPU
		{91804C6D-B174-1DEB-336B-930502D97270}.Debug|Any CPU.Build.0 = Debug|Any CPU
		{91804C6D-B174-1DEB-336B-930502D97270}.Release|Any CPU.ActiveCfg = Release|Any CPU
		{91804C6D-B174-1DEB-336B-930502D97270}.Release|Any CPU.Build.0 = Release|Any CPU
		{7A41B5D1-DD92-9254-B6EB-689D8585A31E}.Debug|Any CPU.ActiveCfg = Debug|Any CPU
		{7A41B5D1-DD92-9254-B6EB-689D8585A31E}.Debug|Any CPU.Build.0 = Debug|Any CPU
		{7A41B5D1-DD92-9254-B6EB-689D8585A31E}.Release|Any CPU.ActiveCfg = Release|Any CPU
		{7A41B5D1-DD92-9254-B6EB-689D8585A31E}.Release|Any CPU.Build.0 = Release|Any CPU
	EndGlobalSection
	GlobalSection(SolutionProperties) = preSolution
		HideSolutionNode = FALSE
	EndGlobalSection
EndGlobal
